// !$*UTF8*$!
{
	archiveVersion = 1;
	classes = {
	};
	objectVersion = 46;
	objects = {

/* Begin PBXBuildFile section */
		AFAC1A661F172D3200421843 /* AppDelegate.swift in Sources */ = {isa = PBXBuildFile; fileRef = AFAC1A651F172D3200421843 /* AppDelegate.swift */; };
		AFAC1A681F172D3200421843 /* ViewController.swift in Sources */ = {isa = PBXBuildFile; fileRef = AFAC1A671F172D3200421843 /* ViewController.swift */; };
		AFAC1A6B1F172D3200421843 /* Main.storyboard in Resources */ = {isa = PBXBuildFile; fileRef = AFAC1A691F172D3200421843 /* Main.storyboard */; };
		AFAC1A6D1F172D3200421843 /* Assets.xcassets in Resources */ = {isa = PBXBuildFile; fileRef = AFAC1A6C1F172D3200421843 /* Assets.xcassets */; };
		AFAC1A701F172D3200421843 /* LaunchScreen.storyboard in Resources */ = {isa = PBXBuildFile; fileRef = AFAC1A6E1F172D3200421843 /* LaunchScreen.storyboard */; };
/* End PBXBuildFile section */

/* Begin PBXFileReference section */
		AFAC1A621F172D3200421843 /* PostToSheet.app */ = {isa = PBXFileReference; explicitFileType = wrapper.application; includeInIndex = 0; path = PostToSheet.app; sourceTree = BUILT_PRODUCTS_DIR; };
		AFAC1A651F172D3200421843 /* AppDelegate.swift */ = {isa = PBXFileReference; lastKnownFileType = sourcecode.swift; path = AppDelegate.swift; sourceTree = "<group>"; };
		AFAC1A671F172D3200421843 /* ViewController.swift */ = {isa = PBXFileReference; lastKnownFileType = sourcecode.swift; path = ViewController.swift; sourceTree = "<group>"; };
		AFAC1A6A1F172D3200421843 /* Base */ = {isa = PBXFileReference; lastKnownFileType = file.storyboard; name = Base; path = Base.lproj/Main.storyboard; sourceTree = "<group>"; };
		AFAC1A6C1F172D3200421843 /* Assets.xcassets */ = {isa = PBXFileReference; lastKnownFileType = folder.assetcatalog; path = Assets.xcassets; sourceTree = "<group>"; };
		AFAC1A6F1F172D3200421843 /* Base */ = {isa = PBXFileReference; lastKnownFileType = file.storyboard; name = Base; path = Base.lproj/LaunchScreen.storyboard; sourceTree = "<group>"; };
		AFAC1A711F172D3200421843 /* Info.plist */ = {isa = PBXFileReference; lastKnownFileType = text.plist.xml; path = Info.plist; sourceTree = "<group>"; };
/* End PBXFileReference section */

/* Begin PBXFrameworksBuildPhase section */
		AFAC1A5F1F172D3200421843 /* Frameworks */ = {
			isa = PBXFrameworksBuildPhase;
			buildActionMask = 2147483647;
			files = (
			);
			runOnlyForDeploymentPostprocessing = 0;
		};
/* End PBXFrameworksBuildPhase section */

/* Begin PBXGroup section */
		AFAC1A591F172D3200421843 = {
			isa = PBXGroup;
			children = (
				AFAC1A641F172D3200421843 /* PostToSheet */,
				AFAC1A631F172D3200421843 /* Products */,
			);
			sourceTree = "<group>";
		};
		AFAC1A631F172D3200421843 /* Products */ = {
			isa = PBXGroup;
			children = (
				AFAC1A621F172D3200421843 /* PostToSheet.app */,
			);
			name = Products;
			sourceTree = "<group>";
		};
		AFAC1A641F172D3200421843 /* PostToSheet */ = {
			isa = PBXGroup;
			children = (
				AFAC1A651F172D3200421843 /* AppDelegate.swift */,
				AFAC1A671F172D3200421843 /* ViewController.swift */,
				AFAC1A691F172D3200421843 /* Main.storyboard */,
				AFAC1A6C1F172D3200421843 /* Assets.xcassets */,
				AFAC1A6E1F172D3200421843 /* LaunchScreen.storyboard */,
				AFAC1A711F172D3200421843 /* Info.plist */,
			);
			path = PostToSheet;
			sourceTree = "<group>";
		};
/* End PBXGroup section */

/* Begin PBXNativeTarget section */
		AFAC1A611F172D3200421843 /* PostToSheet */ = {
			isa = PBXNativeTarget;
			buildConfigurationList = AFAC1A741F172D3200421843 /* Build configuration list for PBXNativeTarget "PostToSheet" */;
			buildPhases = (
				AFAC1A5E1F172D3200421843 /* Sources */,
				AFAC1A5F1F172D3200421843 /* Frameworks */,
				AFAC1A601F172D3200421843 /* Resources */,
			);
			buildRules = (
			);
			dependencies = (
			);
			name = PostToSheet;
			productName = PostToSheet;
			productReference = AFAC1A621F172D3200421843 /* PostToSheet.app */;
			productType = "com.apple.product-type.application";
		};
/* End PBXNativeTarget section */

/* Begin PBXProject section */
		AFAC1A5A1F172D3200421843 /* Project object */ = {
			isa = PBXProject;
			attributes = {
				LastSwiftUpdateCheck = 0810;
				LastUpgradeCheck = 0810;
				ORGANIZATIONNAME = "ice elson";
				TargetAttributes = {
					AFAC1A611F172D3200421843 = {
						CreatedOnToolsVersion = 8.1;
						DevelopmentTeam = U55RL8468U;
						ProvisioningStyle = Automatic;
					};
				};
			};
			buildConfigurationList = AFAC1A5D1F172D3200421843 /* Build configuration list for PBXProject "PostToSheet" */;
			compatibilityVersion = "Xcode 3.2";
			developmentRegion = English;
			hasScannedForEncodings = 0;
			knownRegions = (
				en,
				Base,
			);
			mainGroup = AFAC1A591F172D3200421843;
			productRefGroup = AFAC1A631F172D3200421843 /* Products */;
			projectDirPath = "";
			projectRoot = "";
			targets = (
				AFAC1A611F172D3200421843 /* PostToSheet */,
			);
		};
/* End PBXProject section */

/* Begin PBXResourcesBuildPhase section */
		AFAC1A601F172D3200421843 /* Resources */ = {
			isa = PBXResourcesBuildPhase;
			buildActionMask = 2147483647;
			files = (
				AFAC1A701F172D3200421843 /* LaunchScreen.storyboard in Resources */,
				AFAC1A6D1F172D3200421843 /* Assets.xcassets in Resources */,
				AFAC1A6B1F172D3200421843 /* Main.storyboard in Resources */,
			);
			runOnlyForDeploymentPostprocessing = 0;
		};
/* End PBXResourcesBuildPhase section */

/* Begin PBXSourcesBuildPhase section */
		AFAC1A5E1F172D3200421843 /* Sources */ = {
			isa = PBXSourcesBuildPhase;
			buildActionMask = 2147483647;
			files = (
				AFAC1A681F172D3200421843 /* ViewController.swift in Sources */,
				AFAC1A661F172D3200421843 /* AppDelegate.swift in Sources */,
			);
			runOnlyForDeploymentPostprocessing = 0;
		};
/* End PBXSourcesBuildPhase section */

/* Begin PBXVariantGroup section */
		AFAC1A691F172D3200421843 /* Main.storyboard */ = {
			isa = PBXVariantGroup;
			children = (
				AFAC1A6A1F172D3200421843 /* Base */,
			);
			name = Main.storyboard;
			sourceTree = "<group>";
		};
		AFAC1A6E1F172D3200421843 /* LaunchScreen.storyboard */ = {
			isa = PBXVariantGroup;
			children = (
				AFAC1A6F1F172D3200421843 /* Base */,
			);
			name = LaunchScreen.storyboard;
			sourceTree = "<group>";
		};
/* End PBXVariantGroup section */

/* Begin XCBuildConfiguration section */
		AFAC1A721F172D3200421843 /* Debug */ = {
			isa = XCBuildConfiguration;
			buildSettings = {
				ALWAYS_SEARCH_USER_PATHS = NO;
				CLANG_ANALYZER_NONNULL = YES;
				CLANG_CXX_LANGUAGE_STANDARD = "gnu++0x";
				CLANG_CXX_LIBRARY = "libc++";
				CLANG_ENABLE_MODULES = YES;
				CLANG_ENABLE_OBJC_ARC = YES;
				CLANG_WARN_BOOL_CONVERSION = YES;
				CLANG_WARN_CONSTANT_CONVERSION = YES;
				CLANG_WARN_DIRECT_OBJC_ISA_USAGE = YES_ERROR;
				CLANG_WARN_DOCUMENTATION_COMMENTS = YES;
				CLANG_WARN_EMPTY_BODY = YES;
				CLANG_WARN_ENUM_CONVERSION = YES;
				CLANG_WARN_INFINITE_RECURSION = YES;
				CLANG_WARN_INT_CONVERSION = YES;
				CLANG_WARN_OBJC_ROOT_CLASS = YES_ERROR;
				CLANG_WARN_SUSPICIOUS_MOVES = YES;
				CLANG_WARN_UNREACHABLE_CODE = YES;
				CLANG_WARN__DUPLICATE_METHOD_MATCH = YES;
				"CODE_SIGN_IDENTITY[sdk=iphoneos*]" = "iPhone Developer";
				COPY_PHASE_STRIP = NO;
				DEBUG_INFORMATION_FORMAT = dwarf;
				ENABLE_STRICT_OBJC_MSGSEND = YES;
				ENABLE_TESTABILITY = YES;
				GCC_C_LANGUAGE_STANDARD = gnu99;
				GCC_DYNAMIC_NO_PIC = NO;
				GCC_NO_COMMON_BLOCKS = YES;
				GCC_OPTIMIZATION_LEVEL = 0;
				GCC_PREPROCESSOR_DEFINITIONS = (
					"DEBUG=1",
					"$(inherited)",
				);
				GCC_WARN_64_TO_32_BIT_CONVERSION = YES;
				GCC_WARN_ABOUT_RETURN_TYPE = YES_ERROR;
				GCC_WARN_UNDECLARED_SELECTOR = YES;
				GCC_WARN_UNINITIALIZED_AUTOS = YES_AGGRESSIVE;
				GCC_WARN_UNUSED_FUNCTION = YES;
				GCC_WARN_UNUSED_VARIABLE = YES;
				IPHONEOS_DEPLOYMENT_TARGET = 10.1;
				MTL_ENABLE_DEBUG_INFO = YES;
				ONLY_ACTIVE_ARCH = YES;
				SDKROOT = iphoneos;
				SWIFT_ACTIVE_COMPILATION_CONDITIONS = DEBUG;
				SWIFT_OPTIMIZATION_LEVEL = "-Onone";
			};
			name = Debug;
		};
		AFAC1A731F172D3200421843 /* Release */ = {
			isa = XCBuildConfiguration;
			buildSettings = {
				ALWAYS_SEARCH_USER_PATHS = NO;
				CLANG_ANALYZER_NONNULL = YES;
				CLANG_CXX_LANGUAGE_STANDARD = "gnu++0x";
				CLANG_CXX_LIBRARY = "libc++";
				CLANG_ENABLE_MODULES = YES;
				CLANG_ENABLE_OBJC_ARC = YES;
				CLANG_WARN_BOOL_CONVERSION = YES;
				CLANG_WARN_CONSTANT_CONVERSION = YES;
				CLANG_WARN_DIRECT_OBJC_ISA_USAGE = YES_ERROR;
				CLANG_WARN_DOCUMENTATION_COMMENTS = YES;
				CLANG_WARN_EMPTY_BODY = YES;
				CLANG_WARN_ENUM_CONVERSION = YES;
				CLANG_WARN_INFINITE_RECURSION = YES;
				CLANG_WARN_INT_CONVERSION = YES;
				CLANG_WARN_OBJC_ROOT_CLASS = YES_ERROR;
				CLANG_WARN_SUSPICIOUS_MOVES = YES;
				CLANG_WARN_UNREACHABLE_CODE = YES;
				CLANG_WARN__DUPLICATE_METHOD_MATCH = YES;
				"CODE_SIGN_IDENTITY[sdk=iphoneos*]" = "iPhone Developer";
				COPY_PHASE_STRIP = NO;
				DEBUG_INFORMATION_FORMAT = "dwarf-with-dsym";
				ENABLE_NS_ASSERTIONS = NO;
				ENABLE_STRICT_OBJC_MSGSEND = YES;
				GCC_C_LANGUAGE_STANDARD = gnu99;
				GCC_NO_COMMON_BLOCKS = YES;
				GCC_WARN_64_TO_32_BIT_CONVERSION = YES;
				GCC_WARN_ABOUT_RETURN_TYPE = YES_ERROR;
				GCC_WARN_UNDECLARED_SELECTOR = YES;
				GCC_WARN_UNINITIALIZED_AUTOS = YES_AGGRESSIVE;
				GCC_WARN_UNUSED_FUNCTION = YES;
				GCC_WARN_UNUSED_VARIABLE = YES;
				IPHONEOS_DEPLOYMENT_TARGET = 10.1;
				MTL_ENABLE_DEBUG_INFO = NO;
				SDKROOT = iphoneos;
				SWIFT_OPTIMIZATION_LEVEL = "-Owholemodule";
				VALIDATE_PRODUCT = YES;
			};
			name = Release;
		};
		AFAC1A751F172D3200421843 /* Debug */ = {
			isa = XCBuildConfiguration;
			buildSettings = {
				ASSETCATALOG_COMPILER_APPICON_NAME = AppIcon;
				DEVELOPMENT_TEAM = U55RL8468U;
				INFOPLIST_FILE = PostToSheet/Info.plist;
				LD_RUNPATH_SEARCH_PATHS = "$(inherited) @executable_path/Frameworks";
				PRODUCT_BUNDLE_IDENTIFIER = com.elson.PostToSheet;
				PRODUCT_NAME = "$(TARGET_NAME)";
				SWIFT_VERSION = 3.0;
			};
			name = Debug;
		};
		AFAC1A761F172D3200421843 /* Release */ = {
			isa = XCBuildConfiguration;
			buildSettings = {
				ASSETCATALOG_COMPILER_APPICON_NAME = AppIcon;
				DEVELOPMENT_TEAM = U55RL8468U;
				INFOPLIST_FILE = PostToSheet/Info.plist;
				LD_RUNPATH_SEARCH_PATHS = "$(inherited) @executable_path/Frameworks";
				PRODUCT_BUNDLE_IDENTIFIER = com.elson.PostToSheet;
				PRODUCT_NAME = "$(TARGET_NAME)";
				SWIFT_VERSION = 3.0;
			};
			name = Release;
		};
/* End XCBuildConfiguration section */

/* Begin XCConfigurationList section */
		AFAC1A5D1F172D3200421843 /* Build configuration list for PBXProject "PostToSheet" */ = {
			isa = XCConfigurationList;
			buildConfigurations = (
				AFAC1A721F172D3200421843 /* Debug */,
				AFAC1A731F172D3200421843 /* Release */,
			);
			defaultConfigurationIsVisible = 0;
			defaultConfigurationName = Release;
		};
		AFAC1A741F172D3200421843 /* Build configuration list for PBXNativeTarget "PostToSheet" */ = {
			isa = XCConfigurationList;
			buildConfigurations = (
				AFAC1A751F172D3200421843 /* Debug */,
				AFAC1A761F172D3200421843 /* Release */,
			);
			defaultConfigurationIsVisible = 0;
		};
/* End XCConfigurationList section */
	};
	rootObject = AFAC1A5A1F172D3200421843 /* Project object */;
}
